
Microsoft Visual Studio Solution File, Format Version 12.00
# Visual Studio 15
Project("{FAE04EC0-301F-11D3-BF4B-00C04F79EFBC}") = "Assembly-CSharp", "Assembly-CSharp.csproj", "{233AA05A-3CD5-C73E-E593-D497D7D12510}"
EndProject
Project("{FAE04EC0-301F-11D3-BF4B-00C04F79EFBC}") = "Assembly-CSharp-Editor", "Assembly-CSharp-Editor.csproj", "{2ACB8294-E68C-787C-83C3-0DF752285C21}"
EndProject
Global
	GlobalSection(SolutionConfigurationPlatforms) = preSolution
		Debug|Any CPU = Debug|Any CPU
		Release|Any CPU = Release|Any CPU
	EndGlobalSection
	GlobalSection(ProjectConfigurationPlatforms) = postSolution
		{233AA05A-3CD5-C73E-E593-D497D7D12510}.Debug|Any CPU.ActiveCfg = Debug|Any CPU
		{233AA05A-3CD5-C73E-E593-D497D7D12510}.Debug|Any CPU.Build.0 = Debug|Any CPU
		{233AA05A-3CD5-C73E-E593-D497D7D12510}.Release|Any CPU.ActiveCfg = Release|Any CPU
		{233AA05A-3CD5-C73E-E593-D497D7D12510}.Release|Any CPU.Build.0 = Release|Any CPU
		{2ACB8294-E68C-787C-83C3-0DF752285C21}.Debug|Any CPU.ActiveCfg = Debug|Any CPU
		{2ACB8294-E68C-787C-83C3-0DF752285C21}.Debug|Any CPU.Build.0 = Debug|Any CPU
		{2ACB8294-E68C-787C-83C3-0DF752285C21}.Release|Any CPU.ActiveCfg = Release|Any CPU
		{2ACB8294-E68C-787C-83C3-0DF752285C21}.Release|Any CPU.Build.0 = Release|Any CPU
	EndGlobalSection
	GlobalSection(SolutionProperties) = preSolution
		HideSolutionNode = FALSE
	EndGlobalSection
EndGlobal
